{
  "name": "wasmassp",
  "version": "0.0.1",
  "lockfileVersion": 1,
  "requires": true,
  "dependencies": {
    "echarts": {
      "version": "4.3.0",
      "resolved": "https://registry.npmjs.org/echarts/-/echarts-4.3.0.tgz",
      "integrity": "sha512-tX2dAyhI9D78eVrlKhqJGdrM7Ku599HHvPxT2Pu6tgb/dBP8tYmkWjn8r1Ea9oABQxAKXr0p2/tG1OzKdzULbw==",
      "requires": {
        "zrender": "4.1.0"
      }
    },
    "zrender": {
      "version": "4.1.0",
      "resolved": "https://registry.npmjs.org/zrender/-/zrender-4.1.0.tgz",
      "integrity": "sha512-PkWDpBSRIZAKyBBSkizWCP5/bIL5s/+W+FM/AwkivN4m4QCVH04PS0nJmBB/E6CnUNQv9ZPfIV4tthg1qEP1gg=="
    }
  }
}
